// !$*UTF8*$!
{
	archiveVersion = 1;
	classes = {
	};
	objectVersion = 50;
	objects = {

/* Begin PBXBuildFile section */
		101723B02243C72200F1DB3A /* GoogleService-Info.plist in Resources */ = {isa = PBXBuildFile; fileRef = 101723AF2243C72200F1DB3A /* GoogleService-Info.plist */; };
		1063E1C9224123D50090B316 /* Podfile in Resources */ = {isa = PBXBuildFile; fileRef = 1063E1C8224123D40090B316 /* Podfile */; };
		10A83E692201525700E5CF36 /* AppDelegate.swift in Sources */ = {isa = PBXBuildFile; fileRef = 10A83E682201525700E5CF36 /* AppDelegate.swift */; };
		10A83E6B2201525700E5CF36 /* ViewController.swift in Sources */ = {isa = PBXBuildFile; fileRef = 10A83E6A2201525700E5CF36 /* ViewController.swift */; };
		10A83E6E2201525700E5CF36 /* Main.storyboard in Resources */ = {isa = PBXBuildFile; fileRef = 10A83E6C2201525700E5CF36 /* Main.storyboard */; };
		10A83E702201525A00E5CF36 /* Assets.xcassets in Resources */ = {isa = PBXBuildFile; fileRef = 10A83E6F2201525A00E5CF36 /* Assets.xcassets */; };
		10A83E732201525A00E5CF36 /* LaunchScreen.storyboard in Resources */ = {isa = PBXBuildFile; fileRef = 10A83E712201525A00E5CF36 /* LaunchScreen.storyboard */; };
		10A83E7E2201525A00E5CF36 /* TetherTests.swift in Sources */ = {isa = PBXBuildFile; fileRef = 10A83E7D2201525A00E5CF36 /* TetherTests.swift */; };
		10A83E892201525A00E5CF36 /* TetherUITests.swift in Sources */ = {isa = PBXBuildFile; fileRef = 10A83E882201525A00E5CF36 /* TetherUITests.swift */; };
		43AA89C9D6D3DDF3004EE054 /* Pods_TetherUITests.framework in Frameworks */ = {isa = PBXBuildFile; fileRef = F3EAEA148E929C0BB4DA75E9 /* Pods_TetherUITests.framework */; };
		48E89AF422418776000BD4E1 /* GoogleService-Info.plist in Resources */ = {isa = PBXBuildFile; fileRef = 48E89AF322418776000BD4E1 /* GoogleService-Info.plist */; };
		8C20B66BEFF4DEC4E3E38508 /* Pods_Tether.framework in Frameworks */ = {isa = PBXBuildFile; fileRef = 0CE3BAD0FA2BCAFBFF78B947 /* Pods_Tether.framework */; };
		91710FF281CE3355CD25B668 /* Pods_TetherTests.framework in Frameworks */ = {isa = PBXBuildFile; fileRef = 50625BABA8E7E8233E7E5606 /* Pods_TetherTests.framework */; };
/* End PBXBuildFile section */

/* Begin PBXContainerItemProxy section */
		10A83E7A2201525A00E5CF36 /* PBXContainerItemProxy */ = {
			isa = PBXContainerItemProxy;
			containerPortal = 10A83E5D2201525700E5CF36 /* Project object */;
			proxyType = 1;
			remoteGlobalIDString = 10A83E642201525700E5CF36;
			remoteInfo = Tether;
		};
		10A83E852201525A00E5CF36 /* PBXContainerItemProxy */ = {
			isa = PBXContainerItemProxy;
			containerPortal = 10A83E5D2201525700E5CF36 /* Project object */;
			proxyType = 1;
			remoteGlobalIDString = 10A83E642201525700E5CF36;
			remoteInfo = Tether;
		};
/* End PBXContainerItemProxy section */

/* Begin PBXFileReference section */
		0BF3213BCD486B1A935E63B6 /* Pods-Tether.debug.xcconfig */ = {isa = PBXFileReference; includeInIndex = 1; lastKnownFileType = text.xcconfig; name = "Pods-Tether.debug.xcconfig"; path = "Target Support Files/Pods-Tether/Pods-Tether.debug.xcconfig"; sourceTree = "<group>"; };
		0CE3BAD0FA2BCAFBFF78B947 /* Pods_Tether.framework */ = {isa = PBXFileReference; explicitFileType = wrapper.framework; includeInIndex = 0; path = Pods_Tether.framework; sourceTree = BUILT_PRODUCTS_DIR; };
		101723AF2243C72200F1DB3A /* GoogleService-Info.plist */ = {isa = PBXFileReference; fileEncoding = 4; lastKnownFileType = text.plist.xml; path = "GoogleService-Info.plist"; sourceTree = "<group>"; };
		10A83E682201525700E5CF36 /* AppDelegate.swift */ = {isa = PBXFileReference; lastKnownFileType = sourcecode.swift; path = AppDelegate.swift; sourceTree = "<group>"; };
		10A83E6A2201525700E5CF36 /* ViewController.swift */ = {isa = PBXFileReference; lastKnownFileType = sourcecode.swift; path = ViewController.swift; sourceTree = "<group>"; };
		10A83E6D2201525700E5CF36 /* Base */ = {isa = PBXFileReference; lastKnownFileType = file.storyboard; name = Base; path = Base.lproj/Main.storyboard; sourceTree = "<group>"; };
		10A83E6F2201525A00E5CF36 /* Assets.xcassets */ = {isa = PBXFileReference; lastKnownFileType = folder.assetcatalog; path = Assets.xcassets; sourceTree = "<group>"; };
		10A83E722201525A00E5CF36 /* Base */ = {isa = PBXFileReference; lastKnownFileType = file.storyboard; name = Base; path = Base.lproj/LaunchScreen.storyboard; sourceTree = "<group>"; };
		10A83E742201525A00E5CF36 /* Info.plist */ = {isa = PBXFileReference; lastKnownFileType = text.plist.xml; path = Info.plist; sourceTree = "<group>"; };
		10A83E792201525A00E5CF36 /* TetherTests.xctest */ = {isa = PBXFileReference; explicitFileType = wrapper.cfbundle; includeInIndex = 0; path = TetherTests.xctest; sourceTree = BUILT_PRODUCTS_DIR; };
		10A83E7D2201525A00E5CF36 /* TetherTests.swift */ = {isa = PBXFileReference; lastKnownFileType = sourcecode.swift; path = TetherTests.swift; sourceTree = "<group>"; };
		10A83E7F2201525A00E5CF36 /* Info.plist */ = {isa = PBXFileReference; lastKnownFileType = text.plist.xml; path = Info.plist; sourceTree = "<group>"; };
		10A83E842201525A00E5CF36 /* TetherUITests.xctest */ = {isa = PBXFileReference; explicitFileType = wrapper.cfbundle; includeInIndex = 0; path = TetherUITests.xctest; sourceTree = BUILT_PRODUCTS_DIR; };
		10A83E882201525A00E5CF36 /* TetherUITests.swift */ = {isa = PBXFileReference; lastKnownFileType = sourcecode.swift; path = TetherUITests.swift; sourceTree = "<group>"; };
		10A83E8A2201525A00E5CF36 /* Info.plist */ = {isa = PBXFileReference; lastKnownFileType = text.plist.xml; path = Info.plist; sourceTree = "<group>"; };
		48E89AF322418776000BD4E1 /* GoogleService-Info.plist */ = {isa = PBXFileReference; fileEncoding = 4; lastKnownFileType = text.plist.xml; name = "GoogleService-Info.plist"; path = "../../GoogleService-Info.plist"; sourceTree = "<group>"; };
		50625BABA8E7E8233E7E5606 /* Pods_TetherTests.framework */ = {isa = PBXFileReference; explicitFileType = wrapper.framework; includeInIndex = 0; path = Pods_TetherTests.framework; sourceTree = BUILT_PRODUCTS_DIR; };
		50DECAABF940892F8D7E8275 /* Pods-Tether.release.xcconfig */ = {isa = PBXFileReference; includeInIndex = 1; lastKnownFileType = text.xcconfig; name = "Pods-Tether.release.xcconfig"; path = "Target Support Files/Pods-Tether/Pods-Tether.release.xcconfig"; sourceTree = "<group>"; };
		6207FB9EA2BBFD78513AA7A2 /* Pods-TetherUITests.debug.xcconfig */ = {isa = PBXFileReference; includeInIndex = 1; lastKnownFileType = text.xcconfig; name = "Pods-TetherUITests.debug.xcconfig"; path = "Target Support Files/Pods-TetherUITests/Pods-TetherUITests.debug.xcconfig"; sourceTree = "<group>"; };
		ACC45696D553465C81A62A94 /* Pods-TetherTests.debug.xcconfig */ = {isa = PBXFileReference; includeInIndex = 1; lastKnownFileType = text.xcconfig; name = "Pods-TetherTests.debug.xcconfig"; path = "Target Support Files/Pods-TetherTests/Pods-TetherTests.debug.xcconfig"; sourceTree = "<group>"; };
		E94CBDEFE1F432A08BC4B0EA /* Pods-TetherTests.release.xcconfig */ = {isa = PBXFileReference; includeInIndex = 1; lastKnownFileType = text.xcconfig; name = "Pods-TetherTests.release.xcconfig"; path = "Target Support Files/Pods-TetherTests/Pods-TetherTests.release.xcconfig"; sourceTree = "<group>"; };
		F3EAEA148E929C0BB4DA75E9 /* Pods_TetherUITests.framework */ = {isa = PBXFileReference; explicitFileType = wrapper.framework; includeInIndex = 0; path = Pods_TetherUITests.framework; sourceTree = BUILT_PRODUCTS_DIR; };
		FE1841877A7D1546CF706264 /* Pods-TetherUITests.release.xcconfig */ = {isa = PBXFileReference; includeInIndex = 1; lastKnownFileType = text.xcconfig; name = "Pods-TetherUITests.release.xcconfig"; path = "Target Support Files/Pods-TetherUITests/Pods-TetherUITests.release.xcconfig"; sourceTree = "<group>"; };
/* End PBXFileReference section */

/* Begin PBXFrameworksBuildPhase section */
		10A83E622201525700E5CF36 /* Frameworks */ = {
			isa = PBXFrameworksBuildPhase;
			buildActionMask = 2147483647;
			files = (
				8C20B66BEFF4DEC4E3E38508 /* Pods_Tether.framework in Frameworks */,
			);
			runOnlyForDeploymentPostprocessing = 0;
		};
		10A83E762201525A00E5CF36 /* Frameworks */ = {
			isa = PBXFrameworksBuildPhase;
			buildActionMask = 2147483647;
			files = (
				91710FF281CE3355CD25B668 /* Pods_TetherTests.framework in Frameworks */,
			);
			runOnlyForDeploymentPostprocessing = 0;
		};
		10A83E812201525A00E5CF36 /* Frameworks */ = {
			isa = PBXFrameworksBuildPhase;
			buildActionMask = 2147483647;
			files = (
				43AA89C9D6D3DDF3004EE054 /* Pods_TetherUITests.framework in Frameworks */,
			);
			runOnlyForDeploymentPostprocessing = 0;
		};
/* End PBXFrameworksBuildPhase section */

/* Begin PBXGroup section */
		10A83E5C2201525700E5CF36 = {
			isa = PBXGroup;
			children = (
				101723AF2243C72200F1DB3A /* GoogleService-Info.plist */,
				1063E1C8224123D40090B316 /* Podfile */,
				10A83E672201525700E5CF36 /* Tether */,
				10A83E7C2201525A00E5CF36 /* TetherTests */,
				10A83E872201525A00E5CF36 /* TetherUITests */,
				10A83E662201525700E5CF36 /* Products */,
				A874AEC6CD79B2C23B3B42C2 /* Pods */,
				F290B5E5BE77B77A0EE50789 /* Frameworks */,
			);
			sourceTree = "<group>";
		};
		10A83E662201525700E5CF36 /* Products */ = {
			isa = PBXGroup;
			children = (
				10A83E652201525700E5CF36 /* Tether.app */,
				10A83E792201525A00E5CF36 /* TetherTests.xctest */,
				10A83E842201525A00E5CF36 /* TetherUITests.xctest */,
			);
			name = Products;
			sourceTree = "<group>";
		};
		10A83E672201525700E5CF36 /* Tether */ = {
			isa = PBXGroup;
			children = (
				10A83E682201525700E5CF36 /* AppDelegate.swift */,
				10A83E6A2201525700E5CF36 /* ViewController.swift */,
				10A83E6C2201525700E5CF36 /* Main.storyboard */,
				10A83E6F2201525A00E5CF36 /* Assets.xcassets */,
				10A83E712201525A00E5CF36 /* LaunchScreen.storyboard */,
				10A83E742201525A00E5CF36 /* Info.plist */,
				48E89AF322418776000BD4E1 /* GoogleService-Info.plist */,
			);
			path = Tether;
			sourceTree = "<group>";
		};
		10A83E7C2201525A00E5CF36 /* TetherTests */ = {
			isa = PBXGroup;
			children = (
				10A83E7D2201525A00E5CF36 /* TetherTests.swift */,
				10A83E7F2201525A00E5CF36 /* Info.plist */,
			);
			path = TetherTests;
			sourceTree = "<group>";
		};
		10A83E872201525A00E5CF36 /* TetherUITests */ = {
			isa = PBXGroup;
			children = (
				10A83E882201525A00E5CF36 /* TetherUITests.swift */,
				10A83E8A2201525A00E5CF36 /* Info.plist */,
			);
			path = TetherUITests;
			sourceTree = "<group>";
		};
		A874AEC6CD79B2C23B3B42C2 /* Pods */ = {
			isa = PBXGroup;
			children = (
				0BF3213BCD486B1A935E63B6 /* Pods-Tether.debug.xcconfig */,
				50DECAABF940892F8D7E8275 /* Pods-Tether.release.xcconfig */,
				ACC45696D553465C81A62A94 /* Pods-TetherTests.debug.xcconfig */,
				E94CBDEFE1F432A08BC4B0EA /* Pods-TetherTests.release.xcconfig */,
				6207FB9EA2BBFD78513AA7A2 /* Pods-TetherUITests.debug.xcconfig */,
				FE1841877A7D1546CF706264 /* Pods-TetherUITests.release.xcconfig */,
			);
			path = Pods;
			sourceTree = "<group>";
		};
		F290B5E5BE77B77A0EE50789 /* Frameworks */ = {
			isa = PBXGroup;
			children = (
				0CE3BAD0FA2BCAFBFF78B947 /* Pods_Tether.framework */,
				50625BABA8E7E8233E7E5606 /* Pods_TetherTests.framework */,
				F3EAEA148E929C0BB4DA75E9 /* Pods_TetherUITests.framework */,
			);
			name = Frameworks;
			sourceTree = "<group>";
		};
/* End PBXGroup section */

/* Begin PBXNativeTarget section */
		10A83E642201525700E5CF36 /* Tether */ = {
			isa = PBXNativeTarget;
			buildConfigurationList = 10A83E8D2201525A00E5CF36 /* Build configuration list for PBXNativeTarget "Tether" */;
			buildPhases = (
				30723F2DE29D92076CBD6123 /* [CP] Check Pods Manifest.lock */,
				10A83E612201525700E5CF36 /* Sources */,
				10A83E622201525700E5CF36 /* Frameworks */,
				10A83E632201525700E5CF36 /* Resources */,
				033B6D3745F424A792220D67 /* [CP] Embed Pods Frameworks */,
			);
			buildRules = (
			);
			dependencies = (
			);
			name = Tether;
			productName = Tether;
			productReference = 10A83E652201525700E5CF36 /* Tether.app */;
			productType = "com.apple.product-type.application";
		};
		10A83E782201525A00E5CF36 /* TetherTests */ = {
			isa = PBXNativeTarget;
			buildConfigurationList = 10A83E902201525A00E5CF36 /* Build configuration list for PBXNativeTarget "TetherTests" */;
			buildPhases = (
				50745695FBC9267CA99FC638 /* [CP] Check Pods Manifest.lock */,
				10A83E752201525A00E5CF36 /* Sources */,
				10A83E762201525A00E5CF36 /* Frameworks */,
				10A83E772201525A00E5CF36 /* Resources */,
			);
			buildRules = (
			);
			dependencies = (
				10A83E7B2201525A00E5CF36 /* PBXTargetDependency */,
			);
			name = TetherTests;
			productName = TetherTests;
			productReference = 10A83E792201525A00E5CF36 /* TetherTests.xctest */;
			productType = "com.apple.product-type.bundle.unit-test";
		};
		10A83E832201525A00E5CF36 /* TetherUITests */ = {
			isa = PBXNativeTarget;
			buildConfigurationList = 10A83E932201525A00E5CF36 /* Build configuration list for PBXNativeTarget "TetherUITests" */;
			buildPhases = (
				6DC7C52FE574A2EC1BEC965F /* [CP] Check Pods Manifest.lock */,
				10A83E802201525A00E5CF36 /* Sources */,
				10A83E812201525A00E5CF36 /* Frameworks */,
				10A83E822201525A00E5CF36 /* Resources */,
			);
			buildRules = (
			);
			dependencies = (
				10A83E862201525A00E5CF36 /* PBXTargetDependency */,
			);
			name = TetherUITests;
			productName = TetherUITests;
			productReference = 10A83E842201525A00E5CF36 /* TetherUITests.xctest */;
			productType = "com.apple.product-type.bundle.ui-testing";
		};
/* End PBXNativeTarget section */

/* Begin PBXProject section */
		10A83E5D2201525700E5CF36 /* Project object */ = {
			isa = PBXProject;
			attributes = {
				LastSwiftUpdateCheck = 0940;
				LastUpgradeCheck = 0940;
				ORGANIZATIONNAME = ChrisLee;
				TargetAttributes = {
					10A83E642201525700E5CF36 = {
						CreatedOnToolsVersion = 9.4.1;
					};
					10A83E782201525A00E5CF36 = {
						CreatedOnToolsVersion = 9.4.1;
						TestTargetID = 10A83E642201525700E5CF36;
					};
					10A83E832201525A00E5CF36 = {
						CreatedOnToolsVersion = 9.4.1;
						TestTargetID = 10A83E642201525700E5CF36;
					};
				};
			};
			buildConfigurationList = 10A83E602201525700E5CF36 /* Build configuration list for PBXProject "Tether" */;
			compatibilityVersion = "Xcode 9.3";
			developmentRegion = en;
			hasScannedForEncodings = 0;
			knownRegions = (
				en,
				Base,
			);
			mainGroup = 10A83E5C2201525700E5CF36;
			productRefGroup = 10A83E662201525700E5CF36 /* Products */;
			projectDirPath = "";
			projectRoot = "";
			targets = (
				10A83E642201525700E5CF36 /* Tether */,
				10A83E782201525A00E5CF36 /* TetherTests */,
				10A83E832201525A00E5CF36 /* TetherUITests */,
			);
		};
/* End PBXProject section */

/* Begin PBXResourcesBuildPhase section */
		10A83E632201525700E5CF36 /* Resources */ = {
			isa = PBXResourcesBuildPhase;
			buildActionMask = 2147483647;
			files = (
				1063E1C9224123D50090B316 /* Podfile in Resources */,
				10A83E732201525A00E5CF36 /* LaunchScreen.storyboard in Resources */,
				48E89AF422418776000BD4E1 /* GoogleService-Info.plist in Resources */,
				10A83E702201525A00E5CF36 /* Assets.xcassets in Resources */,
				10A83E6E2201525700E5CF36 /* Main.storyboard in Resources */,
				101723B02243C72200F1DB3A /* GoogleService-Info.plist in Resources */,
			);
			runOnlyForDeploymentPostprocessing = 0;
		};
		10A83E772201525A00E5CF36 /* Resources */ = {
			isa = PBXResourcesBuildPhase;
			buildActionMask = 2147483647;
			files = (
			);
			runOnlyForDeploymentPostprocessing = 0;
		};
		10A83E822201525A00E5CF36 /* Resources */ = {
			isa = PBXResourcesBuildPhase;
			buildActionMask = 2147483647;
			files = (
			);
			runOnlyForDeploymentPostprocessing = 0;
		};
/* End PBXResourcesBuildPhase section */

/* Begin PBXShellScriptBuildPhase section */
		033B6D3745F424A792220D67 /* [CP] Embed Pods Frameworks */ = {
			isa = PBXShellScriptBuildPhase;
			buildActionMask = 2147483647;
			files = (
			);
			inputFileListPaths = (
			);
			inputPaths = (
				"${PODS_ROOT}/Target Support Files/Pods-Tether/Pods-Tether-frameworks.sh",
				"${BUILT_PRODUCTS_DIR}/GTMSessionFetcher/GTMSessionFetcher.framework",
				"${BUILT_PRODUCTS_DIR}/GoogleUtilities/GoogleUtilities.framework",
				"${BUILT_PRODUCTS_DIR}/SwiftMessages/SwiftMessages.framework",
				"${BUILT_PRODUCTS_DIR}/leveldb-library/leveldb.framework",
				"${BUILT_PRODUCTS_DIR}/nanopb/nanopb.framework",
			);
			name = "[CP] Embed Pods Frameworks";
			outputFileListPaths = (
			);
			outputPaths = (
				"${TARGET_BUILD_DIR}/${FRAMEWORKS_FOLDER_PATH}/GTMSessionFetcher.framework",
				"${TARGET_BUILD_DIR}/${FRAMEWORKS_FOLDER_PATH}/GoogleUtilities.framework",
				"${TARGET_BUILD_DIR}/${FRAMEWORKS_FOLDER_PATH}/SwiftMessages.framework",
				"${TARGET_BUILD_DIR}/${FRAMEWORKS_FOLDER_PATH}/leveldb.framework",
				"${TARGET_BUILD_DIR}/${FRAMEWORKS_FOLDER_PATH}/nanopb.framework",
			);
			runOnlyForDeploymentPostprocessing = 0;
			shellPath = /bin/sh;
			shellScript = "\"${PODS_ROOT}/Target Support Files/Pods-Tether/Pods-Tether-frameworks.sh\"\n";
			showEnvVarsInLog = 0;
		};
		30723F2DE29D92076CBD6123 /* [CP] Check Pods Manifest.lock */ = {
			isa = PBXShellScriptBuildPhase;
			buildActionMask = 2147483647;
			files = (
			);
			inputFileListPaths = (
			);
			inputPaths = (
				"${PODS_PODFILE_DIR_PATH}/Podfile.lock",
				"${PODS_ROOT}/Manifest.lock",
			);
			name = "[CP] Check Pods Manifest.lock";
			outputFileListPaths = (
			);
			outputPaths = (
				"$(DERIVED_FILE_DIR)/Pods-Tether-checkManifestLockResult.txt",
			);
			runOnlyForDeploymentPostprocessing = 0;
			shellPath = /bin/sh;
			shellScript = "diff \"${PODS_PODFILE_DIR_PATH}/Podfile.lock\" \"${PODS_ROOT}/Manifest.lock\" > /dev/null\nif [ $? != 0 ] ; then\n    # print error to STDERR\n    echo \"error: The sandbox is not in sync with the Podfile.lock. Run 'pod install' or update your CocoaPods installation.\" >&2\n    exit 1\nfi\n# This output is used by Xcode 'outputs' to avoid re-running this script phase.\necho \"SUCCESS\" > \"${SCRIPT_OUTPUT_FILE_0}\"\n";
			showEnvVarsInLog = 0;
		};
		50745695FBC9267CA99FC638 /* [CP] Check Pods Manifest.lock */ = {
			isa = PBXShellScriptBuildPhase;
			buildActionMask = 2147483647;
			files = (
			);
			inputFileListPaths = (
			);
			inputPaths = (
				"${PODS_PODFILE_DIR_PATH}/Podfile.lock",
				"${PODS_ROOT}/Manifest.lock",
			);
			name = "[CP] Check Pods Manifest.lock";
			outputFileListPaths = (
			);
			outputPaths = (
				"$(DERIVED_FILE_DIR)/Pods-TetherTests-checkManifestLockResult.txt",
			);
			runOnlyForDeploymentPostprocessing = 0;
			shellPath = /bin/sh;
			shellScript = "diff \"${PODS_PODFILE_DIR_PATH}/Podfile.lock\" \"${PODS_ROOT}/Manifest.lock\" > /dev/null\nif [ $? != 0 ] ; then\n    # print error to STDERR\n    echo \"error: The sandbox is not in sync with the Podfile.lock. Run 'pod install' or update your CocoaPods installation.\" >&2\n    exit 1\nfi\n# This output is used by Xcode 'outputs' to avoid re-running this script phase.\necho \"SUCCESS\" > \"${SCRIPT_OUTPUT_FILE_0}\"\n";
			showEnvVarsInLog = 0;
		};
		6DC7C52FE574A2EC1BEC965F /* [CP] Check Pods Manifest.lock */ = {
			isa = PBXShellScriptBuildPhase;
			buildActionMask = 2147483647;
			files = (
			);
			inputFileListPaths = (
			);
			inputPaths = (
				"${PODS_PODFILE_DIR_PATH}/Podfile.lock",
				"${PODS_ROOT}/Manifest.lock",
			);
			name = "[CP] Check Pods Manifest.lock";
			outputFileListPaths = (
			);
			outputPaths = (
				"$(DERIVED_FILE_DIR)/Pods-TetherUITests-checkManifestLockResult.txt",
			);
			runOnlyForDeploymentPostprocessing = 0;
			shellPath = /bin/sh;
			shellScript = "diff \"${PODS_PODFILE_DIR_PATH}/Podfile.lock\" \"${PODS_ROOT}/Manifest.lock\" > /dev/null\nif [ $? != 0 ] ; then\n    # print error to STDERR\n    echo \"error: The sandbox is not in sync with the Podfile.lock. Run 'pod install' or update your CocoaPods installation.\" >&2\n    exit 1\nfi\n# This output is used by Xcode 'outputs' to avoid re-running this script phase.\necho \"SUCCESS\" > \"${SCRIPT_OUTPUT_FILE_0}\"\n";
			showEnvVarsInLog = 0;
		};
/* End PBXShellScriptBuildPhase section */

/* Begin PBXSourcesBuildPhase section */
		10A83E612201525700E5CF36 /* Sources */ = {
			isa = PBXSourcesBuildPhase;
			buildActionMask = 2147483647;
			files = (
				10A83E6B2201525700E5CF36 /* ViewController.swift in Sources */,
				10A83E692201525700E5CF36 /* AppDelegate.swift in Sources */,
			);
			runOnlyForDeploymentPostprocessing = 0;
		};
		10A83E752201525A00E5CF36 /* Sources */ = {
			isa = PBXSourcesBuildPhase;
			buildActionMask = 2147483647;
			files = (
				10A83E7E2201525A00E5CF36 /* TetherTests.swift in Sources */,
			);
			runOnlyForDeploymentPostprocessing = 0;
		};
		10A83E802201525A00E5CF36 /* Sources */ = {
			isa = PBXSourcesBuildPhase;
			buildActionMask = 2147483647;
			files = (
				10A83E892201525A00E5CF36 /* TetherUITests.swift in Sources */,
			);
			runOnlyForDeploymentPostprocessing = 0;
		};
/* End PBXSourcesBuildPhase section */

/* Begin PBXTargetDependency section */
		10A83E7B2201525A00E5CF36 /* PBXTargetDependency */ = {
			isa = PBXTargetDependency;
			target = 10A83E642201525700E5CF36 /* Tether */;
			targetProxy = 10A83E7A2201525A00E5CF36 /* PBXContainerItemProxy */;
		};
		10A83E862201525A00E5CF36 /* PBXTargetDependency */ = {
			isa = PBXTargetDependency;
			target = 10A83E642201525700E5CF36 /* Tether */;
			targetProxy = 10A83E852201525A00E5CF36 /* PBXContainerItemProxy */;
		};
/* End PBXTargetDependency section */

/* Begin PBXVariantGroup section */
		10A83E6C2201525700E5CF36 /* Main.storyboard */ = {
			isa = PBXVariantGroup;
			children = (
				10A83E6D2201525700E5CF36 /* Base */,
			);
			name = Main.storyboard;
			sourceTree = "<group>";
		};
		10A83E712201525A00E5CF36 /* LaunchScreen.storyboard */ = {
			isa = PBXVariantGroup;
			children = (
				10A83E722201525A00E5CF36 /* Base */,
			);
			name = LaunchScreen.storyboard;
			sourceTree = "<group>";
		};
/* End PBXVariantGroup section */

/* Begin XCBuildConfiguration section */
		10A83E8B2201525A00E5CF36 /* Debug */ = {
			isa = XCBuildConfiguration;
			buildSettings = {
				ALWAYS_SEARCH_USER_PATHS = NO;
				CLANG_ANALYZER_NONNULL = YES;
				CLANG_ANALYZER_NUMBER_OBJECT_CONVERSION = YES_AGGRESSIVE;
				CLANG_CXX_LANGUAGE_STANDARD = "gnu++14";
				CLANG_CXX_LIBRARY = "libc++";
				CLANG_ENABLE_MODULES = YES;
				CLANG_ENABLE_OBJC_ARC = YES;
				CLANG_ENABLE_OBJC_WEAK = YES;
				CLANG_WARN_BLOCK_CAPTURE_AUTORELEASING = YES;
				CLANG_WARN_BOOL_CONVERSION = YES;
				CLANG_WARN_COMMA = YES;
				CLANG_WARN_CONSTANT_CONVERSION = YES;
				CLANG_WARN_DEPRECATED_OBJC_IMPLEMENTATIONS = YES;
				CLANG_WARN_DIRECT_OBJC_ISA_USAGE = YES_ERROR;
				CLANG_WARN_DOCUMENTATION_COMMENTS = YES;
				CLANG_WARN_EMPTY_BODY = YES;
				CLANG_WARN_ENUM_CONVERSION = YES;
				CLANG_WARN_INFINITE_RECURSION = YES;
				CLANG_WARN_INT_CONVERSION = YES;
				CLANG_WARN_NON_LITERAL_NULL_CONVERSION = YES;
				CLANG_WARN_OBJC_IMPLICIT_RETAIN_SELF = YES;
				CLANG_WARN_OBJC_LITERAL_CONVERSION = YES;
				CLANG_WARN_OBJC_ROOT_CLASS = YES_ERROR;
				CLANG_WARN_RANGE_LOOP_ANALYSIS = YES;
				CLANG_WARN_STRICT_PROTOTYPES = YES;
				CLANG_WARN_SUSPICIOUS_MOVE = YES;
				CLANG_WARN_UNGUARDED_AVAILABILITY = YES_AGGRESSIVE;
				CLANG_WARN_UNREACHABLE_CODE = YES;
				CLANG_WARN__DUPLICATE_METHOD_MATCH = YES;
				CODE_SIGN_IDENTITY = "iPhone Developer";
				COPY_PHASE_STRIP = NO;
				DEBUG_INFORMATION_FORMAT = dwarf;
				ENABLE_STRICT_OBJC_MSGSEND = YES;
				ENABLE_TESTABILITY = YES;
				GCC_C_LANGUAGE_STANDARD = gnu11;
				GCC_DYNAMIC_NO_PIC = NO;
				GCC_NO_COMMON_BLOCKS = YES;
				GCC_OPTIMIZATION_LEVEL = 0;
				GCC_PREPROCESSOR_DEFINITIONS = (
					"DEBUG=1",
					"$(inherited)",
				);
				GCC_WARN_64_TO_32_BIT_CONVERSION = YES;
				GCC_WARN_ABOUT_RETURN_TYPE = YES_ERROR;
				GCC_WARN_UNDECLARED_SELECTOR = YES;
				GCC_WARN_UNINITIALIZED_AUTOS = YES_AGGRESSIVE;
				GCC_WARN_UNUSED_FUNCTION = YES;
				GCC_WARN_UNUSED_VARIABLE = YES;
				IPHONEOS_DEPLOYMENT_TARGET = 11.4;
				MTL_ENABLE_DEBUG_INFO = YES;
				ONLY_ACTIVE_ARCH = YES;
				SDKROOT = iphoneos;
				SWIFT_ACTIVE_COMPILATION_CONDITIONS = DEBUG;
				SWIFT_OPTIMIZATION_LEVEL = "-Onone";
			};
			name = Debug;
		};
		10A83E8C2201525A00E5CF36 /* Release */ = {
			isa = XCBuildConfiguration;
			buildSettings = {
				ALWAYS_SEARCH_USER_PATHS = NO;
				CLANG_ANALYZER_NONNULL = YES;
				CLANG_ANALYZER_NUMBER_OBJECT_CONVERSION = YES_AGGRESSIVE;
				CLANG_CXX_LANGUAGE_STANDARD = "gnu++14";
				CLANG_CXX_LIBRARY = "libc++";
				CLANG_ENABLE_MODULES = YES;
				CLANG_ENABLE_OBJC_ARC = YES;
				CLANG_ENABLE_OBJC_WEAK = YES;
				CLANG_WARN_BLOCK_CAPTURE_AUTORELEASING = YES;
				CLANG_WARN_BOOL_CONVERSION = YES;
				CLANG_WARN_COMMA = YES;
				CLANG_WARN_CONSTANT_CONVERSION = YES;
				CLANG_WARN_DEPRECATED_OBJC_IMPLEMENTATIONS = YES;
				CLANG_WARN_DIRECT_OBJC_ISA_USAGE = YES_ERROR;
				CLANG_WARN_DOCUMENTATION_COMMENTS = YES;
				CLANG_WARN_EMPTY_BODY = YES;
				CLANG_WARN_ENUM_CONVERSION = YES;
				CLANG_WARN_INFINITE_RECURSION = YES;
				CLANG_WARN_INT_CONVERSION = YES;
				CLANG_WARN_NON_LITERAL_NULL_CONVERSION = YES;
				CLANG_WARN_OBJC_IMPLICIT_RETAIN_SELF = YES;
				CLANG_WARN_OBJC_LITERAL_CONVERSION = YES;
				CLANG_WARN_OBJC_ROOT_CLASS = YES_ERROR;
				CLANG_WARN_RANGE_LOOP_ANALYSIS = YES;
				CLANG_WARN_STRICT_PROTOTYPES = YES;
				CLANG_WARN_SUSPICIOUS_MOVE = YES;
				CLANG_WARN_UNGUARDED_AVAILABILITY = YES_AGGRESSIVE;
				CLANG_WARN_UNREACHABLE_CODE = YES;
				CLANG_WARN__DUPLICATE_METHOD_MATCH = YES;
				CODE_SIGN_IDENTITY = "iPhone Developer";
				COPY_PHASE_STRIP = NO;
				DEBUG_INFORMATION_FORMAT = "dwarf-with-dsym";
				ENABLE_NS_ASSERTIONS = NO;
				ENABLE_STRICT_OBJC_MSGSEND = YES;
				GCC_C_LANGUAGE_STANDARD = gnu11;
				GCC_NO_COMMON_BLOCKS = YES;
				GCC_WARN_64_TO_32_BIT_CONVERSION = YES;
				GCC_WARN_ABOUT_RETURN_TYPE = YES_ERROR;
				GCC_WARN_UNDECLARED_SELECTOR = YES;
				GCC_WARN_UNINITIALIZED_AUTOS = YES_AGGRESSIVE;
				GCC_WARN_UNUSED_FUNCTION = YES;
				GCC_WARN_UNUSED_VARIABLE = YES;
				IPHONEOS_DEPLOYMENT_TARGET = 11.4;
				MTL_ENABLE_DEBUG_INFO = NO;
				SDKROOT = iphoneos;
				SWIFT_COMPILATION_MODE = wholemodule;
				SWIFT_OPTIMIZATION_LEVEL = "-O";
				VALIDATE_PRODUCT = YES;
			};
			name = Release;
		};
		10A83E8E2201525A00E5CF36 /* Debug */ = {
			isa = XCBuildConfiguration;
			baseConfigurationReference = 0BF3213BCD486B1A935E63B6 /* Pods-Tether.debug.xcconfig */;
			buildSettings = {
				ASSETCATALOG_COMPILER_APPICON_NAME = AppIcon;
				CODE_SIGN_STYLE = Automatic;
				DEVELOPMENT_TEAM = 9T8GYV6HU3;
				INFOPLIST_FILE = Tether/Info.plist;
				LD_RUNPATH_SEARCH_PATHS = (
					"$(inherited)",
					"@executable_path/Frameworks",
				);
				PRODUCT_BUNDLE_IDENTIFIER = camelkase.Tether;
				PRODUCT_NAME = "$(TARGET_NAME)";
				SWIFT_VERSION = 4.0;
				TARGETED_DEVICE_FAMILY = "1,2";
			};
			name = Debug;
		};
		10A83E8F2201525A00E5CF36 /* Release */ = {
			isa = XCBuildConfiguration;
			baseConfigurationReference = 50DECAABF940892F8D7E8275 /* Pods-Tether.release.xcconfig */;
			buildSettings = {
				ASSETCATALOG_COMPILER_APPICON_NAME = AppIcon;
				CODE_SIGN_STYLE = Automatic;
				DEVELOPMENT_TEAM = 9T8GYV6HU3;
				INFOPLIST_FILE = Tether/Info.plist;
				LD_RUNPATH_SEARCH_PATHS = (
					"$(inherited)",
					"@executable_path/Frameworks",
				);
				PRODUCT_BUNDLE_IDENTIFIER = camelkase.Tether;
				PRODUCT_NAME = "$(TARGET_NAME)";
				SWIFT_VERSION = 4.0;
				TARGETED_DEVICE_FAMILY = "1,2";
			};
			name = Release;
		};
		10A83E912201525A00E5CF36 /* Debug */ = {
			isa = XCBuildConfiguration;
			baseConfigurationReference = ACC45696D553465C81A62A94 /* Pods-TetherTests.debug.xcconfig */;
			buildSettings = {
				ALWAYS_EMBED_SWIFT_STANDARD_LIBRARIES = YES;
				BUNDLE_LOADER = "$(TEST_HOST)";
				CODE_SIGN_STYLE = Automatic;
				DEVELOPMENT_TEAM = 9T8GYV6HU3;
				INFOPLIST_FILE = TetherTests/Info.plist;
				LD_RUNPATH_SEARCH_PATHS = (
					"$(inherited)",
					"@executable_path/Frameworks",
					"@loader_path/Frameworks",
				);
				PRODUCT_BUNDLE_IDENTIFIER = camelkase.TetherTests;
				PRODUCT_NAME = "$(TARGET_NAME)";
				SWIFT_VERSION = 4.0;
				TARGETED_DEVICE_FAMILY = "1,2";
				TEST_HOST = "$(BUILT_PRODUCTS_DIR)/Tether.app/Tether";
			};
			name = Debug;
		};
		10A83E922201525A00E5CF36 /* Release */ = {
			isa = XCBuildConfiguration;
			baseConfigurationReference = E94CBDEFE1F432A08BC4B0EA /* Pods-TetherTests.release.xcconfig */;
			buildSettings = {
				ALWAYS_EMBED_SWIFT_STANDARD_LIBRARIES = YES;
				BUNDLE_LOADER = "$(TEST_HOST)";
				CODE_SIGN_STYLE = Automatic;
				DEVELOPMENT_TEAM = 9T8GYV6HU3;
				INFOPLIST_FILE = TetherTests/Info.plist;
				LD_RUNPATH_SEARCH_PATHS = (
					"$(inherited)",
					"@executable_path/Frameworks",
					"@loader_path/Frameworks",
				);
				PRODUCT_BUNDLE_IDENTIFIER = camelkase.TetherTests;
				PRODUCT_NAME = "$(TARGET_NAME)";
				SWIFT_VERSION = 4.0;
				TARGETED_DEVICE_FAMILY = "1,2";
				TEST_HOST = "$(BUILT_PRODUCTS_DIR)/Tether.app/Tether";
			};
			name = Release;
		};
		10A83E942201525A00E5CF36 /* Debug */ = {
			isa = XCBuildConfiguration;
			baseConfigurationReference = 6207FB9EA2BBFD78513AA7A2 /* Pods-TetherUITests.debug.xcconfig */;
			buildSettings = {
				ALWAYS_EMBED_SWIFT_STANDARD_LIBRARIES = YES;
				CODE_SIGN_STYLE = Automatic;
				DEVELOPMENT_TEAM = 9T8GYV6HU3;
				INFOPLIST_FILE = TetherUITests/Info.plist;
				LD_RUNPATH_SEARCH_PATHS = (
					"$(inherited)",
					"@executable_path/Frameworks",
					"@loader_path/Frameworks",
				);
				PRODUCT_BUNDLE_IDENTIFIER = camelkase.TetherUITests;
				PRODUCT_NAME = "$(TARGET_NAME)";
				SWIFT_VERSION = 4.0;
				TARGETED_DEVICE_FAMILY = "1,2";
				TEST_TARGET_NAME = Tether;
			};
			name = Debug;
		};
		10A83E952201525A00E5CF36 /* Release */ = {
			isa = XCBuildConfiguration;
			baseConfigurationReference = FE1841877A7D1546CF706264 /* Pods-TetherUITests.release.xcconfig */;
			buildSettings = {
				ALWAYS_EMBED_SWIFT_STANDARD_LIBRARIES = YES;
				CODE_SIGN_STYLE = Automatic;
				DEVELOPMENT_TEAM = 9T8GYV6HU3;
				INFOPLIST_FILE = TetherUITests/Info.plist;
				LD_RUNPATH_SEARCH_PATHS = (
					"$(inherited)",
					"@executable_path/Frameworks",
					"@loader_path/Frameworks",
				);
				PRODUCT_BUNDLE_IDENTIFIER = camelkase.TetherUITests;
				PRODUCT_NAME = "$(TARGET_NAME)";
				SWIFT_VERSION = 4.0;
				TARGETED_DEVICE_FAMILY = "1,2";
				TEST_TARGET_NAME = Tether;
			};
			name = Release;
		};
/* End XCBuildConfiguration section */

/* Begin XCConfigurationList section */
		10A83E602201525700E5CF36 /* Build configuration list for PBXProject "Tether" */ = {
			isa = XCConfigurationList;
			buildConfigurations = (
				10A83E8B2201525A00E5CF36 /* Debug */,
				10A83E8C2201525A00E5CF36 /* Release */,
			);
			defaultConfigurationIsVisible = 0;
			defaultConfigurationName = Release;
		};
		10A83E8D2201525A00E5CF36 /* Build configuration list for PBXNativeTarget "Tether" */ = {
			isa = XCConfigurationList;
			buildConfigurations = (
				10A83E8E2201525A00E5CF36 /* Debug */,
				10A83E8F2201525A00E5CF36 /* Release */,
			);
			defaultConfigurationIsVisible = 0;
			defaultConfigurationName = Release;
		};
		10A83E902201525A00E5CF36 /* Build configuration list for PBXNativeTarget "TetherTests" */ = {
			isa = XCConfigurationList;
			buildConfigurations = (
				10A83E912201525A00E5CF36 /* Debug */,
				10A83E922201525A00E5CF36 /* Release */,
			);
			defaultConfigurationIsVisible = 0;
			defaultConfigurationName = Release;
		};
		10A83E932201525A00E5CF36 /* Build configuration list for PBXNativeTarget "TetherUITests" */ = {
			isa = XCConfigurationList;
			buildConfigurations = (
				10A83E942201525A00E5CF36 /* Debug */,
				10A83E952201525A00E5CF36 /* Release */,
			);
			defaultConfigurationIsVisible = 0;
			defaultConfigurationName = Release;
		};
/* End XCConfigurationList section */
	};
	rootObject = 10A83E5D2201525700E5CF36 /* Project object */;
}
